PODS:
  - XLLKit (0.1.1):
    - XLLKit/Component (= 0.1.1)
    - XLLKit/Constant (= 0.1.1)
    - XLLKit/Extension (= 0.1.1)
  - XLLKit/Component (0.1.1)
  - XLLKit/Constant (0.1.1)
  - XLLKit/Extension (0.1.1)

DEPENDENCIES:
  - XLLKit (from `../`)

EXTERNAL SOURCES:
  XLLKit:
    :path: "../"

SPEC CHECKSUMS:
  XLLKit: b7f421b21b5360d1c30827acfc6563e6de939743

PODFILE CHECKSUM: 37bc1febcc95e30ac09470ac9f2b54757c7411f6

COCOAPODS: 1.7.0.rc.1
