// !$*UTF8*$!
{
	archiveVersion = 1;
	classes = {
	};
	objectVersion = 46;
	objects = {

/* Begin PBXBuildFile section */
		3B29BFBB1207D776E5360001 /* Pods_XLLKit_Example.framework in Frameworks */ = {isa = PBXBuildFile; fileRef = F969413122612E40DBDABB87 /* Pods_XLLKit_Example.framework */; };
		5305942222C70B01001F07BB /* TestTextViewAdjustFrameController.swift in Sources */ = {isa = PBXBuildFile; fileRef = 5305942122C70B01001F07BB /* TestTextViewAdjustFrameController.swift */; };
		5356943322B0A01400C024B3 /* TestCategoryView.swift in Sources */ = {isa = PBXBuildFile; fileRef = 5356943222B0A01400C024B3 /* TestCategoryView.swift */; };
		5356943522B0A76800C024B3 /* TestCategoryCell.swift in Sources */ = {isa = PBXBuildFile; fileRef = 5356943422B0A76800C024B3 /* TestCategoryCell.swift */; };
		53691F4322B90C8C00687AAD /* TestPageViewController.swift in Sources */ = {isa = PBXBuildFile; fileRef = 53691F4222B90C8C00687AAD /* TestPageViewController.swift */; };
		53691F4522B9C6D500687AAD /* TestPageHeaderView.swift in Sources */ = {isa = PBXBuildFile; fileRef = 53691F4422B9C6D500687AAD /* TestPageHeaderView.swift */; };
		53691F4722B9C6FE00687AAD /* TestPageListView.swift in Sources */ = {isa = PBXBuildFile; fileRef = 53691F4622B9C6FE00687AAD /* TestPageListView.swift */; };
		536B450022A51CD7004D1FD5 /* AViewController.swift in Sources */ = {isa = PBXBuildFile; fileRef = 536B44FE22A51CD7004D1FD5 /* AViewController.swift */; };
		536B450122A51CD7004D1FD5 /* BViewController.swift in Sources */ = {isa = PBXBuildFile; fileRef = 536B44FF22A51CD7004D1FD5 /* BViewController.swift */; };
		53724FC8229FA58A002B4795 /* TButton.swift in Sources */ = {isa = PBXBuildFile; fileRef = 53724FC7229FA58A002B4795 /* TButton.swift */; };
		5377DCDB22AF9D5F0051476C /* TestTabViewController.swift in Sources */ = {isa = PBXBuildFile; fileRef = 5377DCDA22AF9D5F0051476C /* TestTabViewController.swift */; };
		53B7E5BE22A7C1F8002F035B /* TestCycleScrollViewController.swift in Sources */ = {isa = PBXBuildFile; fileRef = 53B7E5BD22A7C1F8002F035B /* TestCycleScrollViewController.swift */; };
		53FF4F5722C1BCCA00490000 /* TestPieViewController.swift in Sources */ = {isa = PBXBuildFile; fileRef = 53FF4F5622C1BCCA00490000 /* TestPieViewController.swift */; };
		59364944231A04C20055B2AC /* MVPController.swift in Sources */ = {isa = PBXBuildFile; fileRef = 59364943231A04C20055B2AC /* MVPController.swift */; };
		59364946231A04E20055B2AC /* MVVMController.swift in Sources */ = {isa = PBXBuildFile; fileRef = 59364945231A04E20055B2AC /* MVVMController.swift */; };
		59364948231A04F50055B2AC /* MVPModel.swift in Sources */ = {isa = PBXBuildFile; fileRef = 59364947231A04F50055B2AC /* MVPModel.swift */; };
		5936494A231A05030055B2AC /* MVPView.swift in Sources */ = {isa = PBXBuildFile; fileRef = 59364949231A05030055B2AC /* MVPView.swift */; };
		5936494C231A08BA0055B2AC /* MVPPresenter.swift in Sources */ = {isa = PBXBuildFile; fileRef = 5936494B231A08BA0055B2AC /* MVPPresenter.swift */; };
		5936494E231A23AF0055B2AC /* MVVMModel.swift in Sources */ = {isa = PBXBuildFile; fileRef = 5936494D231A23AF0055B2AC /* MVVMModel.swift */; };
		59364950231A24660055B2AC /* MVVMView.swift in Sources */ = {isa = PBXBuildFile; fileRef = 5936494F231A24660055B2AC /* MVVMView.swift */; };
		59364952231A24830055B2AC /* MVVMvm.swift in Sources */ = {isa = PBXBuildFile; fileRef = 59364951231A24830055B2AC /* MVVMvm.swift */; };
		59364955231A3A610055B2AC /* TimerTarget.swift in Sources */ = {isa = PBXBuildFile; fileRef = 59364954231A3A610055B2AC /* TimerTarget.swift */; };
		59364957231A3BA90055B2AC /* TimerController.swift in Sources */ = {isa = PBXBuildFile; fileRef = 59364956231A3BA90055B2AC /* TimerController.swift */; };
		5936495B231A3E620055B2AC /* GCDTimerController.swift in Sources */ = {isa = PBXBuildFile; fileRef = 5936495A231A3E620055B2AC /* GCDTimerController.swift */; };
		5936495D231A41BE0055B2AC /* GCDTimer.swift in Sources */ = {isa = PBXBuildFile; fileRef = 5936495C231A41BE0055B2AC /* GCDTimer.swift */; };
		597E269423693A6700520114 /* Sort.swift in Sources */ = {isa = PBXBuildFile; fileRef = 597E269323693A6700520114 /* Sort.swift */; };
		599A24DA22B5FF2300D77BCC /* TestNumberFormatController.swift in Sources */ = {isa = PBXBuildFile; fileRef = 599A24D922B5FF2300D77BCC /* TestNumberFormatController.swift */; };
		59F897A52369988A003070FC /* BubbleSort.swift in Sources */ = {isa = PBXBuildFile; fileRef = 59F897A42369988A003070FC /* BubbleSort.swift */; };
		59F897A92369A9B5003070FC /* InsertionSort.swift in Sources */ = {isa = PBXBuildFile; fileRef = 59F897A82369A9B5003070FC /* InsertionSort.swift */; };
		59F897AB2369AC67003070FC /* SelectionSort.swift in Sources */ = {isa = PBXBuildFile; fileRef = 59F897AA2369AC67003070FC /* SelectionSort.swift */; };
		59F897AD2369D60C003070FC /* HeapSort.swift in Sources */ = {isa = PBXBuildFile; fileRef = 59F897AC2369D60C003070FC /* HeapSort.swift */; };
		59F897AF2369D81E003070FC /* QuickSort.swift in Sources */ = {isa = PBXBuildFile; fileRef = 59F897AE2369D81E003070FC /* QuickSort.swift */; };
		59F897B12369D835003070FC /* MergeSort.swift in Sources */ = {isa = PBXBuildFile; fileRef = 59F897B02369D835003070FC /* MergeSort.swift */; };
		59F897B32369D857003070FC /* ShellSort.swift in Sources */ = {isa = PBXBuildFile; fileRef = 59F897B22369D857003070FC /* ShellSort.swift */; };
		607FACD61AFB9204008FA782 /* AppDelegate.swift in Sources */ = {isa = PBXBuildFile; fileRef = 607FACD51AFB9204008FA782 /* AppDelegate.swift */; };
		607FACD81AFB9204008FA782 /* ViewController.swift in Sources */ = {isa = PBXBuildFile; fileRef = 607FACD71AFB9204008FA782 /* ViewController.swift */; };
		607FACDB1AFB9204008FA782 /* Main.storyboard in Resources */ = {isa = PBXBuildFile; fileRef = 607FACD91AFB9204008FA782 /* Main.storyboard */; };
		607FACDD1AFB9204008FA782 /* Images.xcassets in Resources */ = {isa = PBXBuildFile; fileRef = 607FACDC1AFB9204008FA782 /* Images.xcassets */; };
		607FACE01AFB9204008FA782 /* LaunchScreen.xib in Resources */ = {isa = PBXBuildFile; fileRef = 607FACDE1AFB9204008FA782 /* LaunchScreen.xib */; };
		607FACEC1AFB9204008FA782 /* Tests.swift in Sources */ = {isa = PBXBuildFile; fileRef = 607FACEB1AFB9204008FA782 /* Tests.swift */; };
		A6091B58231DFE8800B865A5 /* PermanentThreadController.swift in Sources */ = {isa = PBXBuildFile; fileRef = A6091B57231DFE8800B865A5 /* PermanentThreadController.swift */; };
		A6091B5A231DFE9900B865A5 /* PermanentThread.swift in Sources */ = {isa = PBXBuildFile; fileRef = A6091B59231DFE9900B865A5 /* PermanentThread.swift */; };
		A60A81A92327C78100878907 /* Stack.swift in Sources */ = {isa = PBXBuildFile; fileRef = A60A81A82327C78100878907 /* Stack.swift */; };
		A62C056C232F3657004CCC22 /* List.swift in Sources */ = {isa = PBXBuildFile; fileRef = A62C056B232F3657004CCC22 /* List.swift */; };
		A62C05792330C744004CCC22 /* TreeNode.swift in Sources */ = {isa = PBXBuildFile; fileRef = A62C05782330C744004CCC22 /* TreeNode.swift */; };
		A62C057B2330C808004CCC22 /* BinarySearchTree.swift in Sources */ = {isa = PBXBuildFile; fileRef = A62C057A2330C808004CCC22 /* BinarySearchTree.swift */; };
		A62C057D2330C83F004CCC22 /* AVLTree.swift in Sources */ = {isa = PBXBuildFile; fileRef = A62C057C2330C83F004CCC22 /* AVLTree.swift */; };
		A62C057F2330C849004CCC22 /* RBTree.swift in Sources */ = {isa = PBXBuildFile; fileRef = A62C057E2330C849004CCC22 /* RBTree.swift */; };
		A62C05812330C896004CCC22 /* BinaryTree.swift in Sources */ = {isa = PBXBuildFile; fileRef = A62C05802330C896004CCC22 /* BinaryTree.swift */; };
		A62C06162330E93C004CCC22 /* NSString+Trees.m in Sources */ = {isa = PBXBuildFile; fileRef = A62C060B2330E93B004CCC22 /* NSString+Trees.m */; };
		A62C06172330E93C004CCC22 /* MJBinaryTrees.m in Sources */ = {isa = PBXBuildFile; fileRef = A62C060E2330E93B004CCC22 /* MJBinaryTrees.m */; };
		A62C06182330E93C004CCC22 /* MJLevelOrderPrinter.m in Sources */ = {isa = PBXBuildFile; fileRef = A62C060F2330E93B004CCC22 /* MJLevelOrderPrinter.m */; };
		A62C06192330E93C004CCC22 /* MJInorderPrinter.m in Sources */ = {isa = PBXBuildFile; fileRef = A62C06112330E93B004CCC22 /* MJInorderPrinter.m */; };
		A62C061A2330E93C004CCC22 /* MJPrinter.m in Sources */ = {isa = PBXBuildFile; fileRef = A62C06122330E93B004CCC22 /* MJPrinter.m */; };
		A62C06202334B480004CCC22 /* Leetcode.swift in Sources */ = {isa = PBXBuildFile; fileRef = A62C061F2334B480004CCC22 /* Leetcode.swift */; };
		A64EF5A8233DE6F00070A32E /* AVLNode.swift in Sources */ = {isa = PBXBuildFile; fileRef = A64EF5A7233DE6F00070A32E /* AVLNode.swift */; };
		A654B7B223418ED200F0922C /* RBNode.swift in Sources */ = {isa = PBXBuildFile; fileRef = A654B7B123418ED200F0922C /* RBNode.swift */; };
		A654B7B62341918000F0922C /* BalanceBinarySearchTree.swift in Sources */ = {isa = PBXBuildFile; fileRef = A654B7B52341918000F0922C /* BalanceBinarySearchTree.swift */; };
		A654B7B8234199F400F0922C /* Test.swift in Sources */ = {isa = PBXBuildFile; fileRef = A654B7B7234199F400F0922C /* Test.swift */; };
		A69773092328C1EE00FE250B /* Queue.swift in Sources */ = {isa = PBXBuildFile; fileRef = A69773082328C1EE00FE250B /* Queue.swift */; };
		FAA2FA1BA0AF54DB8454AD82 /* Pods_XLLKit_Tests.framework in Frameworks */ = {isa = PBXBuildFile; fileRef = BEBE6DA4113C9C53B7E8E8AE /* Pods_XLLKit_Tests.framework */; };
/* End PBXBuildFile section */

/* Begin PBXContainerItemProxy section */
		607FACE61AFB9204008FA782 /* PBXContainerItemProxy */ = {
			isa = PBXContainerItemProxy;
			containerPortal = 607FACC81AFB9204008FA782 /* Project object */;
			proxyType = 1;
			remoteGlobalIDString = 607FACCF1AFB9204008FA782;
			remoteInfo = XLLKit;
		};
/* End PBXContainerItemProxy section */

/* Begin PBXFileReference section */
		1370966CAEA734A821E5E5C0 /* LICENSE */ = {isa = PBXFileReference; includeInIndex = 1; lastKnownFileType = text; name = LICENSE; path = ../LICENSE; sourceTree = "<group>"; };
		1F06D973F79BC840276D600F /* Pods-XLLKit_Tests.release.xcconfig */ = {isa = PBXFileReference; includeInIndex = 1; lastKnownFileType = text.xcconfig; name = "Pods-XLLKit_Tests.release.xcconfig"; path = "Target Support Files/Pods-XLLKit_Tests/Pods-XLLKit_Tests.release.xcconfig"; sourceTree = "<group>"; };
		3DB342C5778BA3775D94816F /* XLLKit.podspec */ = {isa = PBXFileReference; includeInIndex = 1; lastKnownFileType = text; name = XLLKit.podspec; path = ../XLLKit.podspec; sourceTree = "<group>"; xcLanguageSpecificationIdentifier = xcode.lang.ruby; };
		5305942122C70B01001F07BB /* TestTextViewAdjustFrameController.swift */ = {isa = PBXFileReference; lastKnownFileType = sourcecode.swift; path = TestTextViewAdjustFrameController.swift; sourceTree = "<group>"; };
		5305942522C7167C001F07BB /* 组件化记录.md */ = {isa = PBXFileReference; lastKnownFileType = net.daringfireball.markdown; path = "组件化记录.md"; sourceTree = "<group>"; };
		5305942622C716BD001F07BB /* swift记录.md */ = {isa = PBXFileReference; lastKnownFileType = net.daringfireball.markdown; path = "swift记录.md"; sourceTree = "<group>"; };
		5356943222B0A01400C024B3 /* TestCategoryView.swift */ = {isa = PBXFileReference; lastKnownFileType = sourcecode.swift; path = TestCategoryView.swift; sourceTree = "<group>"; };
		5356943422B0A76800C024B3 /* TestCategoryCell.swift */ = {isa = PBXFileReference; lastKnownFileType = sourcecode.swift; path = TestCategoryCell.swift; sourceTree = "<group>"; };
		53691F4222B90C8C00687AAD /* TestPageViewController.swift */ = {isa = PBXFileReference; lastKnownFileType = sourcecode.swift; path = TestPageViewController.swift; sourceTree = "<group>"; };
		53691F4422B9C6D500687AAD /* TestPageHeaderView.swift */ = {isa = PBXFileReference; lastKnownFileType = sourcecode.swift; path = TestPageHeaderView.swift; sourceTree = "<group>"; };
		53691F4622B9C6FE00687AAD /* TestPageListView.swift */ = {isa = PBXFileReference; lastKnownFileType = sourcecode.swift; path = TestPageListView.swift; sourceTree = "<group>"; };
		536B44FE22A51CD7004D1FD5 /* AViewController.swift */ = {isa = PBXFileReference; fileEncoding = 4; lastKnownFileType = sourcecode.swift; path = AViewController.swift; sourceTree = "<group>"; };
		536B44FF22A51CD7004D1FD5 /* BViewController.swift */ = {isa = PBXFileReference; fileEncoding = 4; lastKnownFileType = sourcecode.swift; path = BViewController.swift; sourceTree = "<group>"; };
		53724FC7229FA58A002B4795 /* TButton.swift */ = {isa = PBXFileReference; lastKnownFileType = sourcecode.swift; path = TButton.swift; sourceTree = "<group>"; };
		5377DCDA22AF9D5F0051476C /* TestTabViewController.swift */ = {isa = PBXFileReference; lastKnownFileType = sourcecode.swift; path = TestTabViewController.swift; sourceTree = "<group>"; };
		53B7E5BD22A7C1F8002F035B /* TestCycleScrollViewController.swift */ = {isa = PBXFileReference; lastKnownFileType = sourcecode.swift; path = TestCycleScrollViewController.swift; sourceTree = "<group>"; };
		53FF4F5622C1BCCA00490000 /* TestPieViewController.swift */ = {isa = PBXFileReference; lastKnownFileType = sourcecode.swift; path = TestPieViewController.swift; sourceTree = "<group>"; };
		59364943231A04C20055B2AC /* MVPController.swift */ = {isa = PBXFileReference; lastKnownFileType = sourcecode.swift; path = MVPController.swift; sourceTree = "<group>"; };
		59364945231A04E20055B2AC /* MVVMController.swift */ = {isa = PBXFileReference; lastKnownFileType = sourcecode.swift; path = MVVMController.swift; sourceTree = "<group>"; };
		59364947231A04F50055B2AC /* MVPModel.swift */ = {isa = PBXFileReference; lastKnownFileType = sourcecode.swift; path = MVPModel.swift; sourceTree = "<group>"; };
		59364949231A05030055B2AC /* MVPView.swift */ = {isa = PBXFileReference; lastKnownFileType = sourcecode.swift; path = MVPView.swift; sourceTree = "<group>"; };
		5936494B231A08BA0055B2AC /* MVPPresenter.swift */ = {isa = PBXFileReference; lastKnownFileType = sourcecode.swift; path = MVPPresenter.swift; sourceTree = "<group>"; };
		5936494D231A23AF0055B2AC /* MVVMModel.swift */ = {isa = PBXFileReference; lastKnownFileType = sourcecode.swift; path = MVVMModel.swift; sourceTree = "<group>"; };
		5936494F231A24660055B2AC /* MVVMView.swift */ = {isa = PBXFileReference; lastKnownFileType = sourcecode.swift; path = MVVMView.swift; sourceTree = "<group>"; };
		59364951231A24830055B2AC /* MVVMvm.swift */ = {isa = PBXFileReference; lastKnownFileType = sourcecode.swift; path = MVVMvm.swift; sourceTree = "<group>"; };
		59364954231A3A610055B2AC /* TimerTarget.swift */ = {isa = PBXFileReference; lastKnownFileType = sourcecode.swift; path = TimerTarget.swift; sourceTree = "<group>"; };
		59364956231A3BA90055B2AC /* TimerController.swift */ = {isa = PBXFileReference; lastKnownFileType = sourcecode.swift; path = TimerController.swift; sourceTree = "<group>"; };
		5936495A231A3E620055B2AC /* GCDTimerController.swift */ = {isa = PBXFileReference; lastKnownFileType = sourcecode.swift; path = GCDTimerController.swift; sourceTree = "<group>"; };
		5936495C231A41BE0055B2AC /* GCDTimer.swift */ = {isa = PBXFileReference; lastKnownFileType = sourcecode.swift; path = GCDTimer.swift; sourceTree = "<group>"; };
		597E269323693A6700520114 /* Sort.swift */ = {isa = PBXFileReference; lastKnownFileType = sourcecode.swift; path = Sort.swift; sourceTree = "<group>"; };
		599A24D922B5FF2300D77BCC /* TestNumberFormatController.swift */ = {isa = PBXFileReference; lastKnownFileType = sourcecode.swift; path = TestNumberFormatController.swift; sourceTree = "<group>"; };
		59F897A42369988A003070FC /* BubbleSort.swift */ = {isa = PBXFileReference; lastKnownFileType = sourcecode.swift; path = BubbleSort.swift; sourceTree = "<group>"; };
		59F897A82369A9B5003070FC /* InsertionSort.swift */ = {isa = PBXFileReference; lastKnownFileType = sourcecode.swift; path = InsertionSort.swift; sourceTree = "<group>"; };
		59F897AA2369AC67003070FC /* SelectionSort.swift */ = {isa = PBXFileReference; lastKnownFileType = sourcecode.swift; path = SelectionSort.swift; sourceTree = "<group>"; };
		59F897AC2369D60C003070FC /* HeapSort.swift */ = {isa = PBXFileReference; lastKnownFileType = sourcecode.swift; path = HeapSort.swift; sourceTree = "<group>"; };
		59F897AE2369D81E003070FC /* QuickSort.swift */ = {isa = PBXFileReference; lastKnownFileType = sourcecode.swift; path = QuickSort.swift; sourceTree = "<group>"; };
		59F897B02369D835003070FC /* MergeSort.swift */ = {isa = PBXFileReference; lastKnownFileType = sourcecode.swift; path = MergeSort.swift; sourceTree = "<group>"; };
		59F897B22369D857003070FC /* ShellSort.swift */ = {isa = PBXFileReference; lastKnownFileType = sourcecode.swift; path = ShellSort.swift; sourceTree = "<group>"; };
		607FACD01AFB9204008FA782 /* XLLKit_Example.app */ = {isa = PBXFileReference; explicitFileType = wrapper.application; includeInIndex = 0; path = XLLKit_Example.app; sourceTree = BUILT_PRODUCTS_DIR; };
		607FACD41AFB9204008FA782 /* Info.plist */ = {isa = PBXFileReference; lastKnownFileType = text.plist.xml; path = Info.plist; sourceTree = "<group>"; };
		607FACD51AFB9204008FA782 /* AppDelegate.swift */ = {isa = PBXFileReference; lastKnownFileType = sourcecode.swift; path = AppDelegate.swift; sourceTree = "<group>"; };
		607FACD71AFB9204008FA782 /* ViewController.swift */ = {isa = PBXFileReference; lastKnownFileType = sourcecode.swift; path = ViewController.swift; sourceTree = "<group>"; };
		607FACDA1AFB9204008FA782 /* Base */ = {isa = PBXFileReference; lastKnownFileType = file.storyboard; name = Base; path = Base.lproj/Main.storyboard; sourceTree = "<group>"; };
		607FACDC1AFB9204008FA782 /* Images.xcassets */ = {isa = PBXFileReference; lastKnownFileType = folder.assetcatalog; path = Images.xcassets; sourceTree = "<group>"; };
		607FACDF1AFB9204008FA782 /* Base */ = {isa = PBXFileReference; lastKnownFileType = file.xib; name = Base; path = Base.lproj/LaunchScreen.xib; sourceTree = "<group>"; };
		607FACE51AFB9204008FA782 /* XLLKit_Tests.xctest */ = {isa = PBXFileReference; explicitFileType = wrapper.cfbundle; includeInIndex = 0; path = XLLKit_Tests.xctest; sourceTree = BUILT_PRODUCTS_DIR; };
		607FACEA1AFB9204008FA782 /* Info.plist */ = {isa = PBXFileReference; lastKnownFileType = text.plist.xml; path = Info.plist; sourceTree = "<group>"; };
		607FACEB1AFB9204008FA782 /* Tests.swift */ = {isa = PBXFileReference; lastKnownFileType = sourcecode.swift; path = Tests.swift; sourceTree = "<group>"; };
		68ACD633725356D3D9545B66 /* Pods-XLLKit_Tests.debug.xcconfig */ = {isa = PBXFileReference; includeInIndex = 1; lastKnownFileType = text.xcconfig; name = "Pods-XLLKit_Tests.debug.xcconfig"; path = "Target Support Files/Pods-XLLKit_Tests/Pods-XLLKit_Tests.debug.xcconfig"; sourceTree = "<group>"; };
		79314B36A9048E9943220DD5 /* Pods-XLLKit_Example.release.xcconfig */ = {isa = PBXFileReference; includeInIndex = 1; lastKnownFileType = text.xcconfig; name = "Pods-XLLKit_Example.release.xcconfig"; path = "Target Support Files/Pods-XLLKit_Example/Pods-XLLKit_Example.release.xcconfig"; sourceTree = "<group>"; };
		A6091B57231DFE8800B865A5 /* PermanentThreadController.swift */ = {isa = PBXFileReference; lastKnownFileType = sourcecode.swift; path = PermanentThreadController.swift; sourceTree = "<group>"; };
		A6091B59231DFE9900B865A5 /* PermanentThread.swift */ = {isa = PBXFileReference; lastKnownFileType = sourcecode.swift; path = PermanentThread.swift; sourceTree = "<group>"; };
		A60A81A82327C78100878907 /* Stack.swift */ = {isa = PBXFileReference; lastKnownFileType = sourcecode.swift; path = Stack.swift; sourceTree = "<group>"; };
		A62C056B232F3657004CCC22 /* List.swift */ = {isa = PBXFileReference; lastKnownFileType = sourcecode.swift; path = List.swift; sourceTree = "<group>"; };
		A62C05782330C744004CCC22 /* TreeNode.swift */ = {isa = PBXFileReference; lastKnownFileType = sourcecode.swift; path = TreeNode.swift; sourceTree = "<group>"; };
		A62C057A2330C808004CCC22 /* BinarySearchTree.swift */ = {isa = PBXFileReference; lastKnownFileType = sourcecode.swift; path = BinarySearchTree.swift; sourceTree = "<group>"; };
		A62C057C2330C83F004CCC22 /* AVLTree.swift */ = {isa = PBXFileReference; lastKnownFileType = sourcecode.swift; path = AVLTree.swift; sourceTree = "<group>"; };
		A62C057E2330C849004CCC22 /* RBTree.swift */ = {isa = PBXFileReference; lastKnownFileType = sourcecode.swift; path = RBTree.swift; sourceTree = "<group>"; };
		A62C05802330C896004CCC22 /* BinaryTree.swift */ = {isa = PBXFileReference; lastKnownFileType = sourcecode.swift; path = BinaryTree.swift; sourceTree = "<group>"; };
		A62C060A2330E93A004CCC22 /* XLLKit_Example-Bridging-Header.h */ = {isa = PBXFileReference; lastKnownFileType = sourcecode.c.h; path = "XLLKit_Example-Bridging-Header.h"; sourceTree = "<group>"; };
		A62C060B2330E93B004CCC22 /* NSString+Trees.m */ = {isa = PBXFileReference; fileEncoding = 4; lastKnownFileType = sourcecode.c.objc; path = "NSString+Trees.m"; sourceTree = "<group>"; };
		A62C060C2330E93B004CCC22 /* MJLevelOrderPrinter.h */ = {isa = PBXFileReference; fileEncoding = 4; lastKnownFileType = sourcecode.c.h; path = MJLevelOrderPrinter.h; sourceTree = "<group>"; };
		A62C060D2330E93B004CCC22 /* MJInorderPrinter.h */ = {isa = PBXFileReference; fileEncoding = 4; lastKnownFileType = sourcecode.c.h; path = MJInorderPrinter.h; sourceTree = "<group>"; };
		A62C060E2330E93B004CCC22 /* MJBinaryTrees.m */ = {isa = PBXFileReference; fileEncoding = 4; lastKnownFileType = sourcecode.c.objc; path = MJBinaryTrees.m; sourceTree = "<group>"; };
		A62C060F2330E93B004CCC22 /* MJLevelOrderPrinter.m */ = {isa = PBXFileReference; fileEncoding = 4; lastKnownFileType = sourcecode.c.objc; path = MJLevelOrderPrinter.m; sourceTree = "<group>"; };
		A62C06102330E93B004CCC22 /* MJBinaryTrees.h */ = {isa = PBXFileReference; fileEncoding = 4; lastKnownFileType = sourcecode.c.h; path = MJBinaryTrees.h; sourceTree = "<group>"; };
		A62C06112330E93B004CCC22 /* MJInorderPrinter.m */ = {isa = PBXFileReference; fileEncoding = 4; lastKnownFileType = sourcecode.c.objc; path = MJInorderPrinter.m; sourceTree = "<group>"; };
		A62C06122330E93B004CCC22 /* MJPrinter.m */ = {isa = PBXFileReference; fileEncoding = 4; lastKnownFileType = sourcecode.c.objc; path = MJPrinter.m; sourceTree = "<group>"; };
		A62C06132330E93B004CCC22 /* MJPrinter.h */ = {isa = PBXFileReference; fileEncoding = 4; lastKnownFileType = sourcecode.c.h; path = MJPrinter.h; sourceTree = "<group>"; };
		A62C06142330E93B004CCC22 /* NSString+Trees.h */ = {isa = PBXFileReference; fileEncoding = 4; lastKnownFileType = sourcecode.c.h; path = "NSString+Trees.h"; sourceTree = "<group>"; };
		A62C06152330E93B004CCC22 /* MJBinaryTreeInfo.h */ = {isa = PBXFileReference; fileEncoding = 4; lastKnownFileType = sourcecode.c.h; path = MJBinaryTreeInfo.h; sourceTree = "<group>"; };
		A62C061F2334B480004CCC22 /* Leetcode.swift */ = {isa = PBXFileReference; lastKnownFileType = sourcecode.swift; path = Leetcode.swift; sourceTree = "<group>"; };
		A64EF5A7233DE6F00070A32E /* AVLNode.swift */ = {isa = PBXFileReference; lastKnownFileType = sourcecode.swift; path = AVLNode.swift; sourceTree = "<group>"; };
		A654B7B123418ED200F0922C /* RBNode.swift */ = {isa = PBXFileReference; lastKnownFileType = sourcecode.swift; path = RBNode.swift; sourceTree = "<group>"; };
		A654B7B52341918000F0922C /* BalanceBinarySearchTree.swift */ = {isa = PBXFileReference; lastKnownFileType = sourcecode.swift; path = BalanceBinarySearchTree.swift; sourceTree = "<group>"; };
		A654B7B7234199F400F0922C /* Test.swift */ = {isa = PBXFileReference; lastKnownFileType = sourcecode.swift; path = Test.swift; sourceTree = "<group>"; };
		A69773082328C1EE00FE250B /* Queue.swift */ = {isa = PBXFileReference; lastKnownFileType = sourcecode.swift; path = Queue.swift; sourceTree = "<group>"; };
		BEBE6DA4113C9C53B7E8E8AE /* Pods_XLLKit_Tests.framework */ = {isa = PBXFileReference; explicitFileType = wrapper.framework; includeInIndex = 0; path = Pods_XLLKit_Tests.framework; sourceTree = BUILT_PRODUCTS_DIR; };
		C472FF90CE8D507B8B373016 /* README.md */ = {isa = PBXFileReference; includeInIndex = 1; lastKnownFileType = net.daringfireball.markdown; name = README.md; path = ../README.md; sourceTree = "<group>"; };
		F969413122612E40DBDABB87 /* Pods_XLLKit_Example.framework */ = {isa = PBXFileReference; explicitFileType = wrapper.framework; includeInIndex = 0; path = Pods_XLLKit_Example.framework; sourceTree = BUILT_PRODUCTS_DIR; };
		F9E16EFD659A1DFAC8A937EC /* Pods-XLLKit_Example.debug.xcconfig */ = {isa = PBXFileReference; includeInIndex = 1; lastKnownFileType = text.xcconfig; name = "Pods-XLLKit_Example.debug.xcconfig"; path = "Target Support Files/Pods-XLLKit_Example/Pods-XLLKit_Example.debug.xcconfig"; sourceTree = "<group>"; };
/* End PBXFileReference section */

/* Begin PBXFrameworksBuildPhase section */
		607FACCD1AFB9204008FA782 /* Frameworks */ = {
			isa = PBXFrameworksBuildPhase;
			buildActionMask = 2147483647;
			files = (
				3B29BFBB1207D776E5360001 /* Pods_XLLKit_Example.framework in Frameworks */,
			);
			runOnlyForDeploymentPostprocessing = 0;
		};
		607FACE21AFB9204008FA782 /* Frameworks */ = {
			isa = PBXFrameworksBuildPhase;
			buildActionMask = 2147483647;
			files = (
				FAA2FA1BA0AF54DB8454AD82 /* Pods_XLLKit_Tests.framework in Frameworks */,
			);
			runOnlyForDeploymentPostprocessing = 0;
		};
/* End PBXFrameworksBuildPhase section */

/* Begin PBXGroup section */
		5305942022C70AC4001F07BB /* textview 自适应高度 */ = {
			isa = PBXGroup;
			children = (
				5305942122C70B01001F07BB /* TestTextViewAdjustFrameController.swift */,
			);
			name = "textview 自适应高度";
			sourceTree = "<group>";
		};
		53FF4F5522C1BC9800490000 /* 饼状图 */ = {
			isa = PBXGroup;
			children = (
				53FF4F5622C1BCCA00490000 /* TestPieViewController.swift */,
			);
			name = "饼状图";
			sourceTree = "<group>";
		};
		592A994522A6AF9100D3F24C /* 轮播图 */ = {
			isa = PBXGroup;
			children = (
				53B7E5BD22A7C1F8002F035B /* TestCycleScrollViewController.swift */,
			);
			name = "轮播图";
			sourceTree = "<group>";
		};
		592A994622A6AF9E00D3F24C /* 选择标签栏 */ = {
			isa = PBXGroup;
			children = (
				5377DCDA22AF9D5F0051476C /* TestTabViewController.swift */,
				5356943222B0A01400C024B3 /* TestCategoryView.swift */,
				5356943422B0A76800C024B3 /* TestCategoryCell.swift */,
			);
			name = "选择标签栏";
			sourceTree = "<group>";
		};
		592A994722A6AFAA00D3F24C /* 分页视图左右滑动 */ = {
			isa = PBXGroup;
			children = (
				53691F4222B90C8C00687AAD /* TestPageViewController.swift */,
				53691F4422B9C6D500687AAD /* TestPageHeaderView.swift */,
				53691F4622B9C6FE00687AAD /* TestPageListView.swift */,
			);
			name = "分页视图左右滑动";
			sourceTree = "<group>";
		};
		59364941231A04060055B2AC /* MVP */ = {
			isa = PBXGroup;
			children = (
				59364943231A04C20055B2AC /* MVPController.swift */,
				59364947231A04F50055B2AC /* MVPModel.swift */,
				59364949231A05030055B2AC /* MVPView.swift */,
				5936494B231A08BA0055B2AC /* MVPPresenter.swift */,
			);
			name = MVP;
			sourceTree = "<group>";
		};
		59364942231A040B0055B2AC /* MVVM */ = {
			isa = PBXGroup;
			children = (
				59364945231A04E20055B2AC /* MVVMController.swift */,
				5936494D231A23AF0055B2AC /* MVVMModel.swift */,
				5936494F231A24660055B2AC /* MVVMView.swift */,
				59364951231A24830055B2AC /* MVVMvm.swift */,
			);
			name = MVVM;
			sourceTree = "<group>";
		};
		59364953231A39DA0055B2AC /* 中间者对象 */ = {
			isa = PBXGroup;
			children = (
				59364954231A3A610055B2AC /* TimerTarget.swift */,
				59364956231A3BA90055B2AC /* TimerController.swift */,
			);
			name = "中间者对象";
			sourceTree = "<group>";
		};
		59364958231A3D760055B2AC /* GCD定时器 */ = {
			isa = PBXGroup;
			children = (
				5936495A231A3E620055B2AC /* GCDTimerController.swift */,
				5936495C231A41BE0055B2AC /* GCDTimer.swift */,
			);
			name = "GCD定时器";
			sourceTree = "<group>";
		};
		59364959231A3D890055B2AC /* 线程控制 */ = {
			isa = PBXGroup;
			children = (
				A6091B57231DFE8800B865A5 /* PermanentThreadController.swift */,
				A6091B59231DFE9900B865A5 /* PermanentThread.swift */,
			);
			name = "线程控制";
			sourceTree = "<group>";
		};
		597E269223693A4F00520114 /* Sort */ = {
			isa = PBXGroup;
			children = (
				597E269323693A6700520114 /* Sort.swift */,
				59F897A42369988A003070FC /* BubbleSort.swift */,
				59F897AA2369AC67003070FC /* SelectionSort.swift */,
				59F897A82369A9B5003070FC /* InsertionSort.swift */,
				59F897AC2369D60C003070FC /* HeapSort.swift */,
				59F897AE2369D81E003070FC /* QuickSort.swift */,
				59F897B02369D835003070FC /* MergeSort.swift */,
				59F897B22369D857003070FC /* ShellSort.swift */,
			);
			name = Sort;
			sourceTree = "<group>";
		};
		599A24D822B5FECF00D77BCC /* 号码格式化 */ = {
			isa = PBXGroup;
			children = (
				599A24D922B5FF2300D77BCC /* TestNumberFormatController.swift */,
			);
			name = "号码格式化";
			sourceTree = "<group>";
		};
		607FACC71AFB9204008FA782 = {
			isa = PBXGroup;
			children = (
				607FACF51AFB993E008FA782 /* Podspec Metadata */,
				607FACD21AFB9204008FA782 /* Example for XLLKit */,
				607FACE81AFB9204008FA782 /* Tests */,
				607FACD11AFB9204008FA782 /* Products */,
				9FDAC4815A34791ADC89A687 /* Pods */,
				7CD08325DD35E4A1AAF9D306 /* Frameworks */,
			);
			sourceTree = "<group>";
		};
		607FACD11AFB9204008FA782 /* Products */ = {
			isa = PBXGroup;
			children = (
				607FACD01AFB9204008FA782 /* XLLKit_Example.app */,
				607FACE51AFB9204008FA782 /* XLLKit_Tests.xctest */,
			);
			name = Products;
			sourceTree = "<group>";
		};
		607FACD21AFB9204008FA782 /* Example for XLLKit */ = {
			isa = PBXGroup;
			children = (
				A60A81A72327C75800878907 /* 数据结构 */,
				59364959231A3D890055B2AC /* 线程控制 */,
				59364958231A3D760055B2AC /* GCD定时器 */,
				59364953231A39DA0055B2AC /* 中间者对象 */,
				59364942231A040B0055B2AC /* MVVM */,
				59364941231A04060055B2AC /* MVP */,
				5305942022C70AC4001F07BB /* textview 自适应高度 */,
				53FF4F5522C1BC9800490000 /* 饼状图 */,
				599A24D822B5FECF00D77BCC /* 号码格式化 */,
				592A994722A6AFAA00D3F24C /* 分页视图左右滑动 */,
				592A994622A6AF9E00D3F24C /* 选择标签栏 */,
				592A994522A6AF9100D3F24C /* 轮播图 */,
				607FACD51AFB9204008FA782 /* AppDelegate.swift */,
				607FACD71AFB9204008FA782 /* ViewController.swift */,
				536B44FE22A51CD7004D1FD5 /* AViewController.swift */,
				536B44FF22A51CD7004D1FD5 /* BViewController.swift */,
				53724FC7229FA58A002B4795 /* TButton.swift */,
				5305942622C716BD001F07BB /* swift记录.md */,
				5305942522C7167C001F07BB /* 组件化记录.md */,
				607FACD91AFB9204008FA782 /* Main.storyboard */,
				607FACDC1AFB9204008FA782 /* Images.xcassets */,
				607FACDE1AFB9204008FA782 /* LaunchScreen.xib */,
				607FACD31AFB9204008FA782 /* Supporting Files */,
			);
			name = "Example for XLLKit";
			path = XLLKit;
			sourceTree = "<group>";
		};
		607FACD31AFB9204008FA782 /* Supporting Files */ = {
			isa = PBXGroup;
			children = (
				607FACD41AFB9204008FA782 /* Info.plist */,
			);
			name = "Supporting Files";
			sourceTree = "<group>";
		};
		607FACE81AFB9204008FA782 /* Tests */ = {
			isa = PBXGroup;
			children = (
				607FACEB1AFB9204008FA782 /* Tests.swift */,
				607FACE91AFB9204008FA782 /* Supporting Files */,
			);
			path = Tests;
			sourceTree = "<group>";
		};
		607FACE91AFB9204008FA782 /* Supporting Files */ = {
			isa = PBXGroup;
			children = (
				607FACEA1AFB9204008FA782 /* Info.plist */,
			);
			name = "Supporting Files";
			sourceTree = "<group>";
		};
		607FACF51AFB993E008FA782 /* Podspec Metadata */ = {
			isa = PBXGroup;
			children = (
				3DB342C5778BA3775D94816F /* XLLKit.podspec */,
				C472FF90CE8D507B8B373016 /* README.md */,
				1370966CAEA734A821E5E5C0 /* LICENSE */,
			);
			name = "Podspec Metadata";
			sourceTree = "<group>";
		};
		7CD08325DD35E4A1AAF9D306 /* Frameworks */ = {
			isa = PBXGroup;
			children = (
				F969413122612E40DBDABB87 /* Pods_XLLKit_Example.framework */,
				BEBE6DA4113C9C53B7E8E8AE /* Pods_XLLKit_Tests.framework */,
			);
			name = Frameworks;
			sourceTree = "<group>";
		};
		9FDAC4815A34791ADC89A687 /* Pods */ = {
			isa = PBXGroup;
			children = (
				F9E16EFD659A1DFAC8A937EC /* Pods-XLLKit_Example.debug.xcconfig */,
				79314B36A9048E9943220DD5 /* Pods-XLLKit_Example.release.xcconfig */,
				68ACD633725356D3D9545B66 /* Pods-XLLKit_Tests.debug.xcconfig */,
				1F06D973F79BC840276D600F /* Pods-XLLKit_Tests.release.xcconfig */,
			);
			path = Pods;
			sourceTree = "<group>";
		};
		A60A81A72327C75800878907 /* 数据结构 */ = {
			isa = PBXGroup;
			children = (
				597E269223693A4F00520114 /* Sort */,
				A62C06092330E922004CCC22 /* Printer */,
				A69773082328C1EE00FE250B /* Queue.swift */,
				A60A81A82327C78100878907 /* Stack.swift */,
				A62C056B232F3657004CCC22 /* List.swift */,
				A62C05782330C744004CCC22 /* TreeNode.swift */,
				A64EF5A7233DE6F00070A32E /* AVLNode.swift */,
				A654B7B123418ED200F0922C /* RBNode.swift */,
				A62C05802330C896004CCC22 /* BinaryTree.swift */,
				A62C057A2330C808004CCC22 /* BinarySearchTree.swift */,
				A654B7B52341918000F0922C /* BalanceBinarySearchTree.swift */,
				A62C057C2330C83F004CCC22 /* AVLTree.swift */,
				A62C057E2330C849004CCC22 /* RBTree.swift */,
				A62C061F2334B480004CCC22 /* Leetcode.swift */,
				A654B7B7234199F400F0922C /* Test.swift */,
			);
			name = "数据结构";
			sourceTree = "<group>";
		};
		A62C06092330E922004CCC22 /* Printer */ = {
			isa = PBXGroup;
			children = (
				A62C06152330E93B004CCC22 /* MJBinaryTreeInfo.h */,
				A62C06102330E93B004CCC22 /* MJBinaryTrees.h */,
				A62C060E2330E93B004CCC22 /* MJBinaryTrees.m */,
				A62C060D2330E93B004CCC22 /* MJInorderPrinter.h */,
				A62C06112330E93B004CCC22 /* MJInorderPrinter.m */,
				A62C060C2330E93B004CCC22 /* MJLevelOrderPrinter.h */,
				A62C060F2330E93B004CCC22 /* MJLevelOrderPrinter.m */,
				A62C06132330E93B004CCC22 /* MJPrinter.h */,
				A62C06122330E93B004CCC22 /* MJPrinter.m */,
				A62C06142330E93B004CCC22 /* NSString+Trees.h */,
				A62C060B2330E93B004CCC22 /* NSString+Trees.m */,
				A62C060A2330E93A004CCC22 /* XLLKit_Example-Bridging-Header.h */,
			);
			name = Printer;
			sourceTree = "<group>";
		};
/* End PBXGroup section */

/* Begin PBXNativeTarget section */
		607FACCF1AFB9204008FA782 /* XLLKit_Example */ = {
			isa = PBXNativeTarget;
			buildConfigurationList = 607FACEF1AFB9204008FA782 /* Build configuration list for PBXNativeTarget "XLLKit_Example" */;
			buildPhases = (
				1A527D691B58DBF616FBB3A1 /* [CP] Check Pods Manifest.lock */,
				607FACCC1AFB9204008FA782 /* Sources */,
				607FACCD1AFB9204008FA782 /* Frameworks */,
				607FACCE1AFB9204008FA782 /* Resources */,
				B126314805CE13C3AC3F5876 /* [CP] Embed Pods Frameworks */,
			);
			buildRules = (
			);
			dependencies = (
			);
			name = XLLKit_Example;
			productName = XLLKit;
			productReference = 607FACD01AFB9204008FA782 /* XLLKit_Example.app */;
			productType = "com.apple.product-type.application";
		};
		607FACE41AFB9204008FA782 /* XLLKit_Tests */ = {
			isa = PBXNativeTarget;
			buildConfigurationList = 607FACF21AFB9204008FA782 /* Build configuration list for PBXNativeTarget "XLLKit_Tests" */;
			buildPhases = (
				A40E9D02C2D2653236015FA3 /* [CP] Check Pods Manifest.lock */,
				607FACE11AFB9204008FA782 /* Sources */,
				607FACE21AFB9204008FA782 /* Frameworks */,
				607FACE31AFB9204008FA782 /* Resources */,
			);
			buildRules = (
			);
			dependencies = (
				607FACE71AFB9204008FA782 /* PBXTargetDependency */,
			);
			name = XLLKit_Tests;
			productName = Tests;
			productReference = 607FACE51AFB9204008FA782 /* XLLKit_Tests.xctest */;
			productType = "com.apple.product-type.bundle.unit-test";
		};
/* End PBXNativeTarget section */

/* Begin PBXProject section */
		607FACC81AFB9204008FA782 /* Project object */ = {
			isa = PBXProject;
			attributes = {
				LastSwiftUpdateCheck = 0830;
				LastUpgradeCheck = 0830;
				ORGANIZATIONNAME = CocoaPods;
				TargetAttributes = {
					607FACCF1AFB9204008FA782 = {
						CreatedOnToolsVersion = 6.3.1;
						DevelopmentTeam = L7HVF2SVDY;
						LastSwiftMigration = 1030;
						ProvisioningStyle = Manual;
					};
					607FACE41AFB9204008FA782 = {
						CreatedOnToolsVersion = 6.3.1;
						LastSwiftMigration = 1020;
						TestTargetID = 607FACCF1AFB9204008FA782;
					};
				};
			};
			buildConfigurationList = 607FACCB1AFB9204008FA782 /* Build configuration list for PBXProject "XLLKit" */;
			compatibilityVersion = "Xcode 3.2";
			developmentRegion = English;
			hasScannedForEncodings = 0;
			knownRegions = (
				English,
				en,
				Base,
			);
			mainGroup = 607FACC71AFB9204008FA782;
			productRefGroup = 607FACD11AFB9204008FA782 /* Products */;
			projectDirPath = "";
			projectRoot = "";
			targets = (
				607FACCF1AFB9204008FA782 /* XLLKit_Example */,
				607FACE41AFB9204008FA782 /* XLLKit_Tests */,
			);
		};
/* End PBXProject section */

/* Begin PBXResourcesBuildPhase section */
		607FACCE1AFB9204008FA782 /* Resources */ = {
			isa = PBXResourcesBuildPhase;
			buildActionMask = 2147483647;
			files = (
				607FACDB1AFB9204008FA782 /* Main.storyboard in Resources */,
				607FACE01AFB9204008FA782 /* LaunchScreen.xib in Resources */,
				607FACDD1AFB9204008FA782 /* Images.xcassets in Resources */,
			);
			runOnlyForDeploymentPostprocessing = 0;
		};
		607FACE31AFB9204008FA782 /* Resources */ = {
			isa = PBXResourcesBuildPhase;
			buildActionMask = 2147483647;
			files = (
			);
			runOnlyForDeploymentPostprocessing = 0;
		};
/* End PBXResourcesBuildPhase section */

/* Begin PBXShellScriptBuildPhase section */
		1A527D691B58DBF616FBB3A1 /* [CP] Check Pods Manifest.lock */ = {
			isa = PBXShellScriptBuildPhase;
			buildActionMask = 2147483647;
			files = (
			);
			inputFileListPaths = (
			);
			inputPaths = (
				"${PODS_PODFILE_DIR_PATH}/Podfile.lock",
				"${PODS_ROOT}/Manifest.lock",
			);
			name = "[CP] Check Pods Manifest.lock";
			outputFileListPaths = (
			);
			outputPaths = (
				"$(DERIVED_FILE_DIR)/Pods-XLLKit_Example-checkManifestLockResult.txt",
			);
			runOnlyForDeploymentPostprocessing = 0;
			shellPath = /bin/sh;
			shellScript = "diff \"${PODS_PODFILE_DIR_PATH}/Podfile.lock\" \"${PODS_ROOT}/Manifest.lock\" > /dev/null\nif [ $? != 0 ] ; then\n    # print error to STDERR\n    echo \"error: The sandbox is not in sync with the Podfile.lock. Run 'pod install' or update your CocoaPods installation.\" >&2\n    exit 1\nfi\n# This output is used by Xcode 'outputs' to avoid re-running this script phase.\necho \"SUCCESS\" > \"${SCRIPT_OUTPUT_FILE_0}\"\n";
			showEnvVarsInLog = 0;
		};
		A40E9D02C2D2653236015FA3 /* [CP] Check Pods Manifest.lock */ = {
			isa = PBXShellScriptBuildPhase;
			buildActionMask = 2147483647;
			files = (
			);
			inputFileListPaths = (
			);
			inputPaths = (
				"${PODS_PODFILE_DIR_PATH}/Podfile.lock",
				"${PODS_ROOT}/Manifest.lock",
			);
			name = "[CP] Check Pods Manifest.lock";
			outputFileListPaths = (
			);
			outputPaths = (
				"$(DERIVED_FILE_DIR)/Pods-XLLKit_Tests-checkManifestLockResult.txt",
			);
			runOnlyForDeploymentPostprocessing = 0;
			shellPath = /bin/sh;
			shellScript = "diff \"${PODS_PODFILE_DIR_PATH}/Podfile.lock\" \"${PODS_ROOT}/Manifest.lock\" > /dev/null\nif [ $? != 0 ] ; then\n    # print error to STDERR\n    echo \"error: The sandbox is not in sync with the Podfile.lock. Run 'pod install' or update your CocoaPods installation.\" >&2\n    exit 1\nfi\n# This output is used by Xcode 'outputs' to avoid re-running this script phase.\necho \"SUCCESS\" > \"${SCRIPT_OUTPUT_FILE_0}\"\n";
			showEnvVarsInLog = 0;
		};
		B126314805CE13C3AC3F5876 /* [CP] Embed Pods Frameworks */ = {
			isa = PBXShellScriptBuildPhase;
			buildActionMask = 2147483647;
			files = (
			);
			inputPaths = (
				"${PODS_ROOT}/Target Support Files/Pods-XLLKit_Example/Pods-XLLKit_Example-frameworks.sh",
				"${BUILT_PRODUCTS_DIR}/AAInfographics/AAInfographics.framework",
				"${BUILT_PRODUCTS_DIR}/Charts/Charts.framework",
				"${BUILT_PRODUCTS_DIR}/JXPagingView/JXPagingView.framework",
				"${BUILT_PRODUCTS_DIR}/MBProgressHUD/MBProgressHUD.framework",
				"${BUILT_PRODUCTS_DIR}/MJRefresh/MJRefresh.framework",
				"${BUILT_PRODUCTS_DIR}/SDWebImage/SDWebImage.framework",
				"${BUILT_PRODUCTS_DIR}/SVProgressHUD/SVProgressHUD.framework",
				"${BUILT_PRODUCTS_DIR}/SnapKit/SnapKit.framework",
				"${BUILT_PRODUCTS_DIR}/Then/Then.framework",
				"${BUILT_PRODUCTS_DIR}/Toast-Swift/Toast_Swift.framework",
				"${BUILT_PRODUCTS_DIR}/XLLKit/XLLKit.framework",
			);
			name = "[CP] Embed Pods Frameworks";
			outputPaths = (
				"${TARGET_BUILD_DIR}/${FRAMEWORKS_FOLDER_PATH}/AAInfographics.framework",
				"${TARGET_BUILD_DIR}/${FRAMEWORKS_FOLDER_PATH}/Charts.framework",
				"${TARGET_BUILD_DIR}/${FRAMEWORKS_FOLDER_PATH}/JXPagingView.framework",
				"${TARGET_BUILD_DIR}/${FRAMEWORKS_FOLDER_PATH}/MBProgressHUD.framework",
				"${TARGET_BUILD_DIR}/${FRAMEWORKS_FOLDER_PATH}/MJRefresh.framework",
				"${TARGET_BUILD_DIR}/${FRAMEWORKS_FOLDER_PATH}/SDWebImage.framework",
				"${TARGET_BUILD_DIR}/${FRAMEWORKS_FOLDER_PATH}/SVProgressHUD.framework",
				"${TARGET_BUILD_DIR}/${FRAMEWORKS_FOLDER_PATH}/SnapKit.framework",
				"${TARGET_BUILD_DIR}/${FRAMEWORKS_FOLDER_PATH}/Then.framework",
				"${TARGET_BUILD_DIR}/${FRAMEWORKS_FOLDER_PATH}/Toast_Swift.framework",
				"${TARGET_BUILD_DIR}/${FRAMEWORKS_FOLDER_PATH}/XLLKit.framework",
			);
			runOnlyForDeploymentPostprocessing = 0;
			shellPath = /bin/sh;
			shellScript = "\"${PODS_ROOT}/Target Support Files/Pods-XLLKit_Example/Pods-XLLKit_Example-frameworks.sh\"\n";
			showEnvVarsInLog = 0;
		};
/* End PBXShellScriptBuildPhase section */

/* Begin PBXSourcesBuildPhase section */
		607FACCC1AFB9204008FA782 /* Sources */ = {
			isa = PBXSourcesBuildPhase;
			buildActionMask = 2147483647;
			files = (
				5936494C231A08BA0055B2AC /* MVPPresenter.swift in Sources */,
				A64EF5A8233DE6F00070A32E /* AVLNode.swift in Sources */,
				A62C056C232F3657004CCC22 /* List.swift in Sources */,
				536B450022A51CD7004D1FD5 /* AViewController.swift in Sources */,
				A62C06202334B480004CCC22 /* Leetcode.swift in Sources */,
				59F897A52369988A003070FC /* BubbleSort.swift in Sources */,
				A654B7B62341918000F0922C /* BalanceBinarySearchTree.swift in Sources */,
				5356943522B0A76800C024B3 /* TestCategoryCell.swift in Sources */,
				53724FC8229FA58A002B4795 /* TButton.swift in Sources */,
				5356943322B0A01400C024B3 /* TestCategoryView.swift in Sources */,
				A62C057B2330C808004CCC22 /* BinarySearchTree.swift in Sources */,
				53691F4522B9C6D500687AAD /* TestPageHeaderView.swift in Sources */,
				59364944231A04C20055B2AC /* MVPController.swift in Sources */,
				A62C06192330E93C004CCC22 /* MJInorderPrinter.m in Sources */,
				5936495D231A41BE0055B2AC /* GCDTimer.swift in Sources */,
				5936494A231A05030055B2AC /* MVPView.swift in Sources */,
				5936495B231A3E620055B2AC /* GCDTimerController.swift in Sources */,
				59364946231A04E20055B2AC /* MVVMController.swift in Sources */,
				59364948231A04F50055B2AC /* MVPModel.swift in Sources */,
				59F897AF2369D81E003070FC /* QuickSort.swift in Sources */,
				53FF4F5722C1BCCA00490000 /* TestPieViewController.swift in Sources */,
				5377DCDB22AF9D5F0051476C /* TestTabViewController.swift in Sources */,
				59F897A92369A9B5003070FC /* InsertionSort.swift in Sources */,
				5305942222C70B01001F07BB /* TestTextViewAdjustFrameController.swift in Sources */,
				59F897B12369D835003070FC /* MergeSort.swift in Sources */,
				A62C06172330E93C004CCC22 /* MJBinaryTrees.m in Sources */,
				53691F4722B9C6FE00687AAD /* TestPageListView.swift in Sources */,
				A62C05812330C896004CCC22 /* BinaryTree.swift in Sources */,
				A62C05792330C744004CCC22 /* TreeNode.swift in Sources */,
				A60A81A92327C78100878907 /* Stack.swift in Sources */,
				59364950231A24660055B2AC /* MVVMView.swift in Sources */,
				A62C06182330E93C004CCC22 /* MJLevelOrderPrinter.m in Sources */,
				53691F4322B90C8C00687AAD /* TestPageViewController.swift in Sources */,
				597E269423693A6700520114 /* Sort.swift in Sources */,
				53B7E5BE22A7C1F8002F035B /* TestCycleScrollViewController.swift in Sources */,
				A62C061A2330E93C004CCC22 /* MJPrinter.m in Sources */,
				59F897AB2369AC67003070FC /* SelectionSort.swift in Sources */,
				59F897AD2369D60C003070FC /* HeapSort.swift in Sources */,
				A654B7B8234199F400F0922C /* Test.swift in Sources */,
				A69773092328C1EE00FE250B /* Queue.swift in Sources */,
				607FACD81AFB9204008FA782 /* ViewController.swift in Sources */,
				5936494E231A23AF0055B2AC /* MVVMModel.swift in Sources */,
				A6091B5A231DFE9900B865A5 /* PermanentThread.swift in Sources */,
				536B450122A51CD7004D1FD5 /* BViewController.swift in Sources */,
				59364955231A3A610055B2AC /* TimerTarget.swift in Sources */,
				A62C057D2330C83F004CCC22 /* AVLTree.swift in Sources */,
				599A24DA22B5FF2300D77BCC /* TestNumberFormatController.swift in Sources */,
				A62C057F2330C849004CCC22 /* RBTree.swift in Sources */,
				A62C06162330E93C004CCC22 /* NSString+Trees.m in Sources */,
				A6091B58231DFE8800B865A5 /* PermanentThreadController.swift in Sources */,
				59F897B32369D857003070FC /* ShellSort.swift in Sources */,
				59364957231A3BA90055B2AC /* TimerController.swift in Sources */,
				59364952231A24830055B2AC /* MVVMvm.swift in Sources */,
				607FACD61AFB9204008FA782 /* AppDelegate.swift in Sources */,
				A654B7B223418ED200F0922C /* RBNode.swift in Sources */,
			);
			runOnlyForDeploymentPostprocessing = 0;
		};
		607FACE11AFB9204008FA782 /* Sources */ = {
			isa = PBXSourcesBuildPhase;
			buildActionMask = 2147483647;
			files = (
				607FACEC1AFB9204008FA782 /* Tests.swift in Sources */,
			);
			runOnlyForDeploymentPostprocessing = 0;
		};
/* End PBXSourcesBuildPhase section */

/* Begin PBXTargetDependency section */
		607FACE71AFB9204008FA782 /* PBXTargetDependency */ = {
			isa = PBXTargetDependency;
			target = 607FACCF1AFB9204008FA782 /* XLLKit_Example */;
			targetProxy = 607FACE61AFB9204008FA782 /* PBXContainerItemProxy */;
		};
/* End PBXTargetDependency section */

/* Begin PBXVariantGroup section */
		607FACD91AFB9204008FA782 /* Main.storyboard */ = {
			isa = PBXVariantGroup;
			children = (
				607FACDA1AFB9204008FA782 /* Base */,
			);
			name = Main.storyboard;
			sourceTree = "<group>";
		};
		607FACDE1AFB9204008FA782 /* LaunchScreen.xib */ = {
			isa = PBXVariantGroup;
			children = (
				607FACDF1AFB9204008FA782 /* Base */,
			);
			name = LaunchScreen.xib;
			sourceTree = "<group>";
		};
/* End PBXVariantGroup section */

/* Begin XCBuildConfiguration section */
		607FACED1AFB9204008FA782 /* Debug */ = {
			isa = XCBuildConfiguration;
			buildSettings = {
				ALWAYS_SEARCH_USER_PATHS = NO;
				CLANG_CXX_LANGUAGE_STANDARD = "gnu++0x";
				CLANG_CXX_LIBRARY = "libc++";
				CLANG_ENABLE_MODULES = YES;
				CLANG_ENABLE_OBJC_ARC = YES;
				CLANG_WARN_BLOCK_CAPTURE_AUTORELEASING = YES;
				CLANG_WARN_BOOL_CONVERSION = YES;
				CLANG_WARN_COMMA = YES;
				CLANG_WARN_CONSTANT_CONVERSION = YES;
				CLANG_WARN_DIRECT_OBJC_ISA_USAGE = YES_ERROR;
				CLANG_WARN_EMPTY_BODY = YES;
				CLANG_WARN_ENUM_CONVERSION = YES;
				CLANG_WARN_INFINITE_RECURSION = YES;
				CLANG_WARN_INT_CONVERSION = YES;
				CLANG_WARN_NON_LITERAL_NULL_CONVERSION = YES;
				CLANG_WARN_OBJC_LITERAL_CONVERSION = YES;
				CLANG_WARN_OBJC_ROOT_CLASS = YES_ERROR;
				CLANG_WARN_RANGE_LOOP_ANALYSIS = YES;
				CLANG_WARN_STRICT_PROTOTYPES = YES;
				CLANG_WARN_SUSPICIOUS_MOVE = YES;
				CLANG_WARN_UNREACHABLE_CODE = YES;
				CLANG_WARN__DUPLICATE_METHOD_MATCH = YES;
				"CODE_SIGN_IDENTITY[sdk=iphoneos*]" = "iPhone Developer";
				COPY_PHASE_STRIP = NO;
				DEBUG_INFORMATION_FORMAT = "dwarf-with-dsym";
				ENABLE_STRICT_OBJC_MSGSEND = YES;
				ENABLE_TESTABILITY = YES;
				GCC_C_LANGUAGE_STANDARD = gnu99;
				GCC_DYNAMIC_NO_PIC = NO;
				GCC_NO_COMMON_BLOCKS = YES;
				GCC_OPTIMIZATION_LEVEL = 0;
				GCC_PREPROCESSOR_DEFINITIONS = (
					"DEBUG=1",
					"$(inherited)",
				);
				GCC_SYMBOLS_PRIVATE_EXTERN = NO;
				GCC_WARN_64_TO_32_BIT_CONVERSION = YES;
				GCC_WARN_ABOUT_RETURN_TYPE = YES_ERROR;
				GCC_WARN_UNDECLARED_SELECTOR = YES;
				GCC_WARN_UNINITIALIZED_AUTOS = YES_AGGRESSIVE;
				GCC_WARN_UNUSED_FUNCTION = YES;
				GCC_WARN_UNUSED_VARIABLE = YES;
				IPHONEOS_DEPLOYMENT_TARGET = 12.1;
				MTL_ENABLE_DEBUG_INFO = YES;
				ONLY_ACTIVE_ARCH = YES;
				SDKROOT = iphoneos;
				SWIFT_OPTIMIZATION_LEVEL = "-Onone";
			};
			name = Debug;
		};
		607FACEE1AFB9204008FA782 /* Release */ = {
			isa = XCBuildConfiguration;
			buildSettings = {
				ALWAYS_SEARCH_USER_PATHS = NO;
				CLANG_CXX_LANGUAGE_STANDARD = "gnu++0x";
				CLANG_CXX_LIBRARY = "libc++";
				CLANG_ENABLE_MODULES = YES;
				CLANG_ENABLE_OBJC_ARC = YES;
				CLANG_WARN_BLOCK_CAPTURE_AUTORELEASING = YES;
				CLANG_WARN_BOOL_CONVERSION = YES;
				CLANG_WARN_COMMA = YES;
				CLANG_WARN_CONSTANT_CONVERSION = YES;
				CLANG_WARN_DIRECT_OBJC_ISA_USAGE = YES_ERROR;
				CLANG_WARN_EMPTY_BODY = YES;
				CLANG_WARN_ENUM_CONVERSION = YES;
				CLANG_WARN_INFINITE_RECURSION = YES;
				CLANG_WARN_INT_CONVERSION = YES;
				CLANG_WARN_NON_LITERAL_NULL_CONVERSION = YES;
				CLANG_WARN_OBJC_LITERAL_CONVERSION = YES;
				CLANG_WARN_OBJC_ROOT_CLASS = YES_ERROR;
				CLANG_WARN_RANGE_LOOP_ANALYSIS = YES;
				CLANG_WARN_STRICT_PROTOTYPES = YES;
				CLANG_WARN_SUSPICIOUS_MOVE = YES;
				CLANG_WARN_UNREACHABLE_CODE = YES;
				CLANG_WARN__DUPLICATE_METHOD_MATCH = YES;
				"CODE_SIGN_IDENTITY[sdk=iphoneos*]" = "iPhone Developer";
				COPY_PHASE_STRIP = NO;
				DEBUG_INFORMATION_FORMAT = "dwarf-with-dsym";
				ENABLE_NS_ASSERTIONS = NO;
				ENABLE_STRICT_OBJC_MSGSEND = YES;
				GCC_C_LANGUAGE_STANDARD = gnu99;
				GCC_NO_COMMON_BLOCKS = YES;
				GCC_WARN_64_TO_32_BIT_CONVERSION = YES;
				GCC_WARN_ABOUT_RETURN_TYPE = YES_ERROR;
				GCC_WARN_UNDECLARED_SELECTOR = YES;
				GCC_WARN_UNINITIALIZED_AUTOS = YES_AGGRESSIVE;
				GCC_WARN_UNUSED_FUNCTION = YES;
				GCC_WARN_UNUSED_VARIABLE = YES;
				IPHONEOS_DEPLOYMENT_TARGET = 12.1;
				MTL_ENABLE_DEBUG_INFO = NO;
				SDKROOT = iphoneos;
				SWIFT_OPTIMIZATION_LEVEL = "-Owholemodule";
				VALIDATE_PRODUCT = YES;
			};
			name = Release;
		};
		607FACF01AFB9204008FA782 /* Debug */ = {
			isa = XCBuildConfiguration;
			baseConfigurationReference = F9E16EFD659A1DFAC8A937EC /* Pods-XLLKit_Example.debug.xcconfig */;
			buildSettings = {
				ASSETCATALOG_COMPILER_APPICON_NAME = AppIcon;
				CLANG_ENABLE_MODULES = YES;
				CODE_SIGN_STYLE = Manual;
				DEVELOPMENT_TEAM = L7HVF2SVDY;
				INFOPLIST_FILE = XLLKit/Info.plist;
				IPHONEOS_DEPLOYMENT_TARGET = 9.0;
				LD_RUNPATH_SEARCH_PATHS = "$(inherited) @executable_path/Frameworks";
				MODULE_NAME = ExampleApp;
				PRODUCT_BUNDLE_IDENTIFIER = com.public.jjjjj;
				PRODUCT_NAME = "$(TARGET_NAME)";
				PROVISIONING_PROFILE_SPECIFIER = "public_**";
				SWIFT_OBJC_BRIDGING_HEADER = "XLLKit/XLLKit_Example-Bridging-Header.h";
				SWIFT_OPTIMIZATION_LEVEL = "-Onone";
				SWIFT_VERSION = 5.0;
			};
			name = Debug;
		};
		607FACF11AFB9204008FA782 /* Release */ = {
			isa = XCBuildConfiguration;
			baseConfigurationReference = 79314B36A9048E9943220DD5 /* Pods-XLLKit_Example.release.xcconfig */;
			buildSettings = {
				ASSETCATALOG_COMPILER_APPICON_NAME = AppIcon;
				CLANG_ENABLE_MODULES = YES;
				CODE_SIGN_IDENTITY = "iPhone Distribution";
				CODE_SIGN_STYLE = Manual;
				DEVELOPMENT_TEAM = L7HVF2SVDY;
				INFOPLIST_FILE = XLLKit/Info.plist;
				IPHONEOS_DEPLOYMENT_TARGET = 9.0;
				LD_RUNPATH_SEARCH_PATHS = "$(inherited) @executable_path/Frameworks";
				MODULE_NAME = ExampleApp;
				PRODUCT_BUNDLE_IDENTIFIER = com.public.jjjjj;
				PRODUCT_NAME = "$(TARGET_NAME)";
				PROVISIONING_PROFILE_SPECIFIER = "hoc_**";
				SWIFT_OBJC_BRIDGING_HEADER = "XLLKit/XLLKit_Example-Bridging-Header.h";
				SWIFT_VERSION = 5.0;
			};
			name = Release;
		};
		607FACF31AFB9204008FA782 /* Debug */ = {
			isa = XCBuildConfiguration;
			baseConfigurationReference = 68ACD633725356D3D9545B66 /* Pods-XLLKit_Tests.debug.xcconfig */;
			buildSettings = {
				FRAMEWORK_SEARCH_PATHS = (
					"$(SDKROOT)/Developer/Library/Frameworks",
					"$(inherited)",
				);
				GCC_PREPROCESSOR_DEFINITIONS = (
					"DEBUG=1",
					"$(inherited)",
				);
				INFOPLIST_FILE = Tests/Info.plist;
				LD_RUNPATH_SEARCH_PATHS = "$(inherited) @executable_path/Frameworks @loader_path/Frameworks";
				PRODUCT_BUNDLE_IDENTIFIER = "org.cocoapods.$(PRODUCT_NAME:rfc1034identifier)";
				PRODUCT_NAME = "$(TARGET_NAME)";
				SWIFT_VERSION = 5.0;
				TEST_HOST = "$(BUILT_PRODUCTS_DIR)/XLLKit_Example.app/XLLKit_Example";
			};
			name = Debug;
		};
		607FACF41AFB9204008FA782 /* Release */ = {
			isa = XCBuildConfiguration;
			baseConfigurationReference = 1F06D973F79BC840276D600F /* Pods-XLLKit_Tests.release.xcconfig */;
			buildSettings = {
				FRAMEWORK_SEARCH_PATHS = (
					"$(SDKROOT)/Developer/Library/Frameworks",
					"$(inherited)",
				);
				INFOPLIST_FILE = Tests/Info.plist;
				LD_RUNPATH_SEARCH_PATHS = "$(inherited) @executable_path/Frameworks @loader_path/Frameworks";
				PRODUCT_BUNDLE_IDENTIFIER = "org.cocoapods.$(PRODUCT_NAME:rfc1034identifier)";
				PRODUCT_NAME = "$(TARGET_NAME)";
				SWIFT_VERSION = 5.0;
				TEST_HOST = "$(BUILT_PRODUCTS_DIR)/XLLKit_Example.app/XLLKit_Example";
			};
			name = Release;
		};
/* End XCBuildConfiguration section */

/* Begin XCConfigurationList section */
		607FACCB1AFB9204008FA782 /* Build configuration list for PBXProject "XLLKit" */ = {
			isa = XCConfigurationList;
			buildConfigurations = (
				607FACED1AFB9204008FA782 /* Debug */,
				607FACEE1AFB9204008FA782 /* Release */,
			);
			defaultConfigurationIsVisible = 0;
			defaultConfigurationName = Release;
		};
		607FACEF1AFB9204008FA782 /* Build configuration list for PBXNativeTarget "XLLKit_Example" */ = {
			isa = XCConfigurationList;
			buildConfigurations = (
				607FACF01AFB9204008FA782 /* Debug */,
				607FACF11AFB9204008FA782 /* Release */,
			);
			defaultConfigurationIsVisible = 0;
			defaultConfigurationName = Release;
		};
		607FACF21AFB9204008FA782 /* Build configuration list for PBXNativeTarget "XLLKit_Tests" */ = {
			isa = XCConfigurationList;
			buildConfigurations = (
				607FACF31AFB9204008FA782 /* Debug */,
				607FACF41AFB9204008FA782 /* Release */,
			);
			defaultConfigurationIsVisible = 0;
			defaultConfigurationName = Release;
		};
/* End XCConfigurationList section */
	};
	rootObject = 607FACC81AFB9204008FA782 /* Project object */;
}
